
Microsoft Visual Studio Solution File, Format Version 12.00
# Visual Studio 15
VisualStudioVersion = 15.0.27130.2036
MinimumVisualStudioVersion = 10.0.40219.1
Project("{FAE04EC0-301F-11D3-BF4B-00C04F79EFBC}") = "Cronos.Web", "Cronos.Web\Cronos.Web.csproj", "{421E6BD3-F383-4E1F-9D33-2BA9D1BA6358}"
EndProject
Global
	GlobalSection(SolutionConfigurationPlatforms) = preSolution
		Debug|Any CPU = Debug|Any CPU
		Release|Any CPU = Release|Any CPU
	EndGlobalSection
	GlobalSection(ProjectConfigurationPlatforms) = postSolution
		{421E6BD3-F383-4E1F-9D33-2BA9D1BA6358}.Debug|Any CPU.ActiveCfg = Debug|Any CPU
		{421E6BD3-F383-4E1F-9D33-2BA9D1BA6358}.Debug|Any CPU.Build.0 = Debug|Any CPU
		{421E6BD3-F383-4E1F-9D33-2BA9D1BA6358}.Release|Any CPU.ActiveCfg = Release|Any CPU
		{421E6BD3-F383-4E1F-9D33-2BA9D1BA6358}.Release|Any CPU.Build.0 = Release|Any CPU
	EndGlobalSection
	GlobalSection(SolutionProperties) = preSolution
		HideSolutionNode = FALSE
	EndGlobalSection
	GlobalSection(ExtensibilityGlobals) = postSolution
		SolutionGuid = {E41D8620-D549-4D62-A73F-A69E48F245AD}
	EndGlobalSection
EndGlobal
